
Microsoft Visual Studio Solution File, Format Version 12.00
# Visual Studio Version 17
VisualStudioVersion = 17.7.34221.43
MinimumVisualStudioVersion = 10.0.40219.1
Project("{FAE04EC0-301F-11D3-BF4B-00C04F79EFBC}") = "CompetitorDetails", "CompetitorDetails\CompetitorDetails.csproj", "{A09146C3-91A1-41D2-AADE-933B3B73262E}"
EndProject
Global
	GlobalSection(SolutionConfigurationPlatforms) = preSolution
		Debug|Any CPU = Debug|Any CPU
		Release|Any CPU = Release|Any CPU
	EndGlobalSection
	GlobalSection(ProjectConfigurationPlatforms) = postSolution
		{A09146C3-91A1-41D2-AADE-933B3B73262E}.Debug|Any CPU.ActiveCfg = Debug|Any CPU
		{A09146C3-91A1-41D2-AADE-933B3B73262E}.Debug|Any CPU.Build.0 = Debug|Any CPU
		{A09146C3-91A1-41D2-AADE-933B3B73262E}.Release|Any CPU.ActiveCfg = Release|Any CPU
		{A09146C3-91A1-41D2-AADE-933B3B73262E}.Release|Any CPU.Build.0 = Release|Any CPU
	EndGlobalSection
	GlobalSection(SolutionProperties) = preSolution
		HideSolutionNode = FALSE
	EndGlobalSection
	GlobalSection(ExtensibilityGlobals) = postSolution
		SolutionGuid = {D84B5C1C-2478-4584-BF88-1963472C3F4D}
	EndGlobalSection
EndGlobal
